dependencies:
- name: postgresql
  repository: oci://registry-1.docker.io/bitnamicharts
  version: 16.3.5
- name: minio
  repository: oci://registry-1.docker.io/bitnamicharts
  version: 14.10.3
digest: sha256:679816575c5e5365c49760f8c881209a1a456895816a3cf61ceb9d5c284dde47
generated: "2025-04-14T12:41:13.249348-04:00"
